{
  "name": "@guardian/decode-encode",
  "version": "0.0.1",
  "lockfileVersion": 3,
  "requires": true,
  "packages": {
    "": {
      "name": "@guardian/decode-encode",
      "version": "0.0.1",
      "license": "Apache-2.0",
      "dependencies": {
        "@guardian/school": "file:../school",
        "@types/thrift": "^0.10.9",
        "thrift": "^0.12.0"
      },
      "devDependencies": {
        "typescript": "5.9.3"
      }
    },
    "../school": {
      "name": "@guardian/school",
      "version": "0.0.1",
      "license": "Apache-2.0",
      "dependencies": {
        "@types/node-int64": "^0.4.29",
        "@types/thrift": "^0.10.9",
        "node-int64": "^0.4.0",
        "thrift": "^0.12.0"
      },
      "devDependencies": {
        "typescript": "5.9.3"
      }
    },
    "node_modules/@guardian/school": {
      "resolved": "../school",
      "link": true
    },
    "node_modules/@types/node": {
      "version": "24.6.1",
      "resolved": "https://registry.npmjs.org/@types/node/-/node-24.6.1.tgz",
      "integrity": "sha512-ljvjjs3DNXummeIaooB4cLBKg2U6SPI6Hjra/9rRIy7CpM0HpLtG9HptkMKAb4HYWy5S7HUvJEuWgr/y0U8SHw==",
      "dependencies": {
        "undici-types": "~7.13.0"
      }
    },
    "node_modules/@types/node-int64": {
      "version": "0.4.32",
      "resolved": "https://registry.npmjs.org/@types/node-int64/-/node-int64-0.4.32.tgz",
      "integrity": "sha512-xf/JsSlnXQ+mzvc0IpXemcrO4BrCfpgNpMco+GLcXkFk01k/gW9lGJu+Vof0ZSvHK6DsHJDPSbjFPs36QkWXqw==",
      "dependencies": {
        "@types/node": "*"
      }
    },
    "node_modules/@types/q": {
      "version": "1.5.8",
      "resolved": "https://registry.npmjs.org/@types/q/-/q-1.5.8.tgz",
      "integrity": "sha512-hroOstUScF6zhIi+5+x0dzqrHA1EJi+Irri6b1fxolMTqqHIV/Cg77EtnQcZqZCu8hR3mX2BzIxN4/GzI68Kfw=="
    },
    "node_modules/@types/thrift": {
      "version": "0.10.17",
      "resolved": "https://registry.npmjs.org/@types/thrift/-/thrift-0.10.17.tgz",
      "integrity": "sha512-bDX6d5a5ZDWC81tgDv224n/3PKNYfIQJTPHzlbk4vBWJrYXF6Tg1ncaVmP/c3JbGN2AK9p7zmHorJC2D6oejGQ==",
      "dependencies": {
        "@types/node": "*",
        "@types/node-int64": "*",
        "@types/q": "*"
      }
    },
    "node_modules/async-limiter": {
      "version": "1.0.1",
      "resolved": "https://registry.npmjs.org/async-limiter/-/async-limiter-1.0.1.tgz",
      "integrity": "sha512-csOlWGAcRFJaI6m+F2WKdnMKr4HhdhFVBk0H/QbJFMCr+uO2kwohwXQPxw/9OCxp05r5ghVBFSyioixx3gfkNQ=="
    },
    "node_modules/node-int64": {
      "version": "0.4.0",
      "resolved": "https://registry.npmjs.org/node-int64/-/node-int64-0.4.0.tgz",
      "integrity": "sha512-O5lz91xSOeoXP6DulyHfllpq+Eg00MWitZIbtPfoSEvqIHdl5gfcY6hYzDWnj0qD5tz52PI08u9qUvSVeUBeHw=="
    },
    "node_modules/q": {
      "version": "1.5.1",
      "resolved": "https://registry.npmjs.org/q/-/q-1.5.1.tgz",
      "integrity": "sha512-kV/CThkXo6xyFEZUugw/+pIOywXcDbFYgSct5cT3gqlbkBE1SJdwy6UQoZvodiWF/ckQLZyDE/Bu1M6gVu5lVw==",
      "deprecated": "You or someone you depend on is using Q, the JavaScript Promise library that gave JavaScript developers strong feelings about promises. They can almost certainly migrate to the native JavaScript promise now. Thank you literally everyone for joining me in this bet against the odds. Be excellent to each other.\n\n(For a CapTP with native promises, see @endo/eventual-send and @endo/captp)",
      "engines": {
        "node": ">=0.6.0",
        "teleport": ">=0.2.0"
      }
    },
    "node_modules/thrift": {
      "version": "0.12.0",
      "resolved": "https://registry.npmjs.org/thrift/-/thrift-0.12.0.tgz",
      "integrity": "sha512-qE9PZi4XSbSQLz/sNxj6+ZiiFQYgbM4GmlO3CS/EVJBjCVfd46Zw0aiVIqOvVn74M7XUGyjOs2chAOwK4d4/hQ==",
      "dependencies": {
        "node-int64": "^0.4.0",
        "q": "^1.5.0",
        "ws": "^5.0.0"
      },
      "engines": {
        "node": ">= 4.1.0"
      }
    },
    "node_modules/typescript": {
      "version": "5.9.3",
      "resolved": "https://registry.npmjs.org/typescript/-/typescript-5.9.3.tgz",
      "integrity": "sha512-jl1vZzPDinLr9eUt3J/t7V6FgNEw9QjvBPdysz9KfQDD41fQrC2Y4vKQdiaUpFT4bXlb1RHhLpp8wtm6M5TgSw==",
      "dev": true,
      "bin": {
        "tsc": "bin/tsc",
        "tsserver": "bin/tsserver"
      },
      "engines": {
        "node": ">=14.17"
      }
    },
    "node_modules/undici-types": {
      "version": "7.13.0",
      "resolved": "https://registry.npmjs.org/undici-types/-/undici-types-7.13.0.tgz",
      "integrity": "sha512-Ov2Rr9Sx+fRgagJ5AX0qvItZG/JKKoBRAVITs1zk7IqZGTJUwgUr7qoYBpWwakpWilTZFM98rG/AFRocu10iIQ=="
    },
    "node_modules/ws": {
      "version": "5.2.4",
      "resolved": "https://registry.npmjs.org/ws/-/ws-5.2.4.tgz",
      "integrity": "sha512-fFCejsuC8f9kOSu9FYaOw8CdO68O3h5v0lg4p74o8JqWpwTf9tniOD+nOB78aWoVSS6WptVUmDrp/KPsMVBWFQ==",
      "dependencies": {
        "async-limiter": "~1.0.0"
      }
    }
  }
}
